
Microsoft Visual Studio Solution File, Format Version 12.00
# Visual Studio 15
VisualStudioVersion = 15.0.28307.421
MinimumVisualStudioVersion = 10.0.40219.1
Project("{FAE04EC0-301F-11D3-BF4B-00C04F79EFBC}") = "Project", "Project\Project.csproj", "{0B1ADCE5-B09A-4D5E-950A-920800D3006E}"
EndProject
Project("{FAE04EC0-301F-11D3-BF4B-00C04F79EFBC}") = "BusinessLogicLayer", "BusinessLogicLayer\BusinessLogicLayer.csproj", "{197058EC-16BF-4226-9AAA-2B2DAEDBFC16}"
EndProject
Project("{FAE04EC0-301F-11D3-BF4B-00C04F79EFBC}") = "DataAccessLayer", "DataAccessLayer\DataAccessLayer.csproj", "{3C982C7E-1FA3-4123-8FB5-A5EEADCDCFA0}"
EndProject
Global
	GlobalSection(SolutionConfigurationPlatforms) = preSolution
		Debug|Any CPU = Debug|Any CPU
		Release|Any CPU = Release|Any CPU
	EndGlobalSection
	GlobalSection(ProjectConfigurationPlatforms) = postSolution
		{0B1ADCE5-B09A-4D5E-950A-920800D3006E}.Debug|Any CPU.ActiveCfg = Debug|Any CPU
		{0B1ADCE5-B09A-4D5E-950A-920800D3006E}.Debug|Any CPU.Build.0 = Debug|Any CPU
		{0B1ADCE5-B09A-4D5E-950A-920800D3006E}.Release|Any CPU.ActiveCfg = Release|Any CPU
		{0B1ADCE5-B09A-4D5E-950A-920800D3006E}.Release|Any CPU.Build.0 = Release|Any CPU
		{197058EC-16BF-4226-9AAA-2B2DAEDBFC16}.Debug|Any CPU.ActiveCfg = Debug|Any CPU
		{197058EC-16BF-4226-9AAA-2B2DAEDBFC16}.Debug|Any CPU.Build.0 = Debug|Any CPU
		{197058EC-16BF-4226-9AAA-2B2DAEDBFC16}.Release|Any CPU.ActiveCfg = Release|Any CPU
		{197058EC-16BF-4226-9AAA-2B2DAEDBFC16}.Release|Any CPU.Build.0 = Release|Any CPU
		{3C982C7E-1FA3-4123-8FB5-A5EEADCDCFA0}.Debug|Any CPU.ActiveCfg = Debug|Any CPU
		{3C982C7E-1FA3-4123-8FB5-A5EEADCDCFA0}.Debug|Any CPU.Build.0 = Debug|Any CPU
		{3C982C7E-1FA3-4123-8FB5-A5EEADCDCFA0}.Release|Any CPU.ActiveCfg = Release|Any CPU
		{3C982C7E-1FA3-4123-8FB5-A5EEADCDCFA0}.Release|Any CPU.Build.0 = Release|Any CPU
	EndGlobalSection
	GlobalSection(SolutionProperties) = preSolution
		HideSolutionNode = FALSE
	EndGlobalSection
	GlobalSection(ExtensibilityGlobals) = postSolution
		SolutionGuid = {117E05EB-CAE1-4933-B26D-9D483F96AE07}
	EndGlobalSection
EndGlobal
